
Microsoft Visual Studio Solution File, Format Version 12.00
# Visual Studio 2012
Project("{FAE04EC0-301F-11D3-BF4B-00C04F79EFBC}") = "HTest", "HTest\HTest.csproj", "{7BACA936-346D-4284-AE3F-99EAD2F7C11C}"
EndProject
Project("{FAE04EC0-301F-11D3-BF4B-00C04F79EFBC}") = "HTest.Suites", "HTest.Suites\HTest.Suites.csproj", "{17733C6D-B494-46E1-AAFD-4B1EEB38DB3E}"
EndProject
Global
	GlobalSection(SolutionConfigurationPlatforms) = preSolution
		Debug|Any CPU = Debug|Any CPU
		Release|Any CPU = Release|Any CPU
	EndGlobalSection
	GlobalSection(ProjectConfigurationPlatforms) = postSolution
		{7BACA936-346D-4284-AE3F-99EAD2F7C11C}.Debug|Any CPU.ActiveCfg = Debug|Any CPU
		{7BACA936-346D-4284-AE3F-99EAD2F7C11C}.Debug|Any CPU.Build.0 = Debug|Any CPU
		{7BACA936-346D-4284-AE3F-99EAD2F7C11C}.Release|Any CPU.ActiveCfg = Release|Any CPU
		{7BACA936-346D-4284-AE3F-99EAD2F7C11C}.Release|Any CPU.Build.0 = Release|Any CPU
		{17733C6D-B494-46E1-AAFD-4B1EEB38DB3E}.Debug|Any CPU.ActiveCfg = Debug|Any CPU
		{17733C6D-B494-46E1-AAFD-4B1EEB38DB3E}.Debug|Any CPU.Build.0 = Debug|Any CPU
		{17733C6D-B494-46E1-AAFD-4B1EEB38DB3E}.Release|Any CPU.ActiveCfg = Release|Any CPU
		{17733C6D-B494-46E1-AAFD-4B1EEB38DB3E}.Release|Any CPU.Build.0 = Release|Any CPU
	EndGlobalSection
	GlobalSection(SolutionProperties) = preSolution
		HideSolutionNode = FALSE
	EndGlobalSection
EndGlobal
